
Microsoft Visual Studio Solution File, Format Version 12.00
# Visual Studio 15
VisualStudioVersion = 15.0.26730.15
MinimumVisualStudioVersion = 10.0.40219.1
Project("{FAE04EC0-301F-11D3-BF4B-00C04F79EFBC}") = "Proj4", "Proj4\Proj4.csproj", "{5FD16806-9E68-4590-B541-F5CEEEB53F59}"
EndProject
Global
	GlobalSection(SolutionConfigurationPlatforms) = preSolution
		Debug|Any CPU = Debug|Any CPU
		Release|Any CPU = Release|Any CPU
	EndGlobalSection
	GlobalSection(ProjectConfigurationPlatforms) = postSolution
		{5FD16806-9E68-4590-B541-F5CEEEB53F59}.Debug|Any CPU.ActiveCfg = Debug|Any CPU
		{5FD16806-9E68-4590-B541-F5CEEEB53F59}.Debug|Any CPU.Build.0 = Debug|Any CPU
		{5FD16806-9E68-4590-B541-F5CEEEB53F59}.Release|Any CPU.ActiveCfg = Release|Any CPU
		{5FD16806-9E68-4590-B541-F5CEEEB53F59}.Release|Any CPU.Build.0 = Release|Any CPU
	EndGlobalSection
	GlobalSection(SolutionProperties) = preSolution
		HideSolutionNode = FALSE
	EndGlobalSection
	GlobalSection(ExtensibilityGlobals) = postSolution
		SolutionGuid = {3011B230-BF3B-45E9-9532-8456656C5A10}
	EndGlobalSection
EndGlobal
